// !$*UTF8*$!
{
	archiveVersion = 1;
	classes = {
	};
	objectVersion = 46;
	objects = {

/* Begin PBXBuildFile section */
		8A43889A1595DE5800027D3C /* UIKit.framework in Frameworks */ = {isa = PBXBuildFile; fileRef = 8A4388681595BC4F00027D3C /* UIKit.framework */; };
		8A43889B1595DE5800027D3C /* Foundation.framework in Frameworks */ = {isa = PBXBuildFile; fileRef = 8A43886A1595BC4F00027D3C /* Foundation.framework */; };
		8A43889C1595DE5800027D3C /* CoreGraphics.framework in Frameworks */ = {isa = PBXBuildFile; fileRef = 8A43886C1595BC4F00027D3C /* CoreGraphics.framework */; };
		8A4388A81595DE5800027D3C /* AppDelegate.mm in Sources */ = {isa = PBXBuildFile; fileRef = 8A4388A71595DE5800027D3C /* AppDelegate.mm */; };
		8A4388AB1595DE5800027D3C /* MainStoryboard_iPhone.storyboard in Resources */ = {isa = PBXBuildFile; fileRef = 8A4388A91595DE5800027D3C /* MainStoryboard_iPhone.storyboard */; };
		8A4388AE1595DE5800027D3C /* MainStoryboard_iPad.storyboard in Resources */ = {isa = PBXBuildFile; fileRef = 8A4388AC1595DE5800027D3C /* MainStoryboard_iPad.storyboard */; };
		8A4388B11595DE5800027D3C /* MasterViewController.mm in Sources */ = {isa = PBXBuildFile; fileRef = 8A4388B01595DE5800027D3C /* MasterViewController.mm */; };
		8A723FC81599B6EE008C72DB /* AVFoundation.framework in Frameworks */ = {isa = PBXBuildFile; fileRef = 8A723FC71599B6EE008C72DB /* AVFoundation.framework */; };
		8A723FCB1599B6F2008C72DB /* GLKit.framework in Frameworks */ = {isa = PBXBuildFile; fileRef = 8A723FC91599B6F2008C72DB /* GLKit.framework */; };
		8A723FCC1599B6F2008C72DB /* OpenGLES.framework in Frameworks */ = {isa = PBXBuildFile; fileRef = 8A723FCA1599B6F2008C72DB /* OpenGLES.framework */; };
		8A723FCF1599B6FC008C72DB /* CoreImage.framework in Frameworks */ = {isa = PBXBuildFile; fileRef = 8A723FCD1599B6FC008C72DB /* CoreImage.framework */; };
		8A723FD01599B6FC008C72DB /* CoreMedia.framework in Frameworks */ = {isa = PBXBuildFile; fileRef = 8A723FCE1599B6FC008C72DB /* CoreMedia.framework */; };
		8A723FD21599B700008C72DB /* QuartzCore.framework in Frameworks */ = {isa = PBXBuildFile; fileRef = 8A723FD11599B700008C72DB /* QuartzCore.framework */; };
		8A723FD41599B70B008C72DB /* CoreVideo.framework in Frameworks */ = {isa = PBXBuildFile; fileRef = 8A723FD31599B70B008C72DB /* CoreVideo.framework */; };
		8AB6D04515B9969D0029641C /* Twitter.framework in Frameworks */ = {isa = PBXBuildFile; fileRef = 8AB6D04415B9969C0029641C /* Twitter.framework */; };
		8AD96331165B90BC00772BCD /* opencv2.framework in Frameworks */ = {isa = PBXBuildFile; fileRef = 8AD96330165B90BC00772BCD /* opencv2.framework */; };
		8AE69C0315A3A40000DAA115 /* AssetsLibrary.framework in Frameworks */ = {isa = PBXBuildFile; fileRef = 8AE69C0215A3A40000DAA115 /* AssetsLibrary.framework */; };
		FE4009751C4B2A0300EFC107 /* haarcascade_eye_tree_eyeglasses.xml in Resources */ = {isa = PBXBuildFile; fileRef = FE4009731C4B2A0300EFC107 /* haarcascade_eye_tree_eyeglasses.xml */; };
		FE4009761C4B2A0300EFC107 /* haarcascade_frontalface_alt.xml in Resources */ = {isa = PBXBuildFile; fileRef = FE4009741C4B2A0300EFC107 /* haarcascade_frontalface_alt.xml */; };
		FE40097E1C4B2C5C00EFC107 /* findEyeCenter.cpp in Sources */ = {isa = PBXBuildFile; fileRef = FE4009781C4B2C5C00EFC107 /* findEyeCenter.cpp */; };
		FE40097F1C4B2C5C00EFC107 /* findEyeCorner.cpp in Sources */ = {isa = PBXBuildFile; fileRef = FE40097A1C4B2C5C00EFC107 /* findEyeCorner.cpp */; };
		FE4009801C4B2C5C00EFC107 /* helpers.cpp in Sources */ = {isa = PBXBuildFile; fileRef = FE40097C1C4B2C5C00EFC107 /* helpers.cpp */; };
		FE4009871C4B6E0000EFC107 /* main.mm in Sources */ = {isa = PBXBuildFile; fileRef = FE4009851C4B6E0000EFC107 /* main.mm */; };
		FE40098D1C4B6EEB00EFC107 /* UIImage2OpenCV.mm in Sources */ = {isa = PBXBuildFile; fileRef = FE40098C1C4B6EEB00EFC107 /* UIImage2OpenCV.mm */; };
		FE4009901C4B6EF100EFC107 /* InfoPlist.strings in Resources */ = {isa = PBXBuildFile; fileRef = FE40098F1C4B6EF100EFC107 /* InfoPlist.strings */; };
		FE4009931C4B6EFD00EFC107 /* FPSCalculator.mm in Sources */ = {isa = PBXBuildFile; fileRef = FE4009921C4B6EFD00EFC107 /* FPSCalculator.mm */; };
		FE4009961C4B6F0800EFC107 /* NSString+StdString.mm in Sources */ = {isa = PBXBuildFile; fileRef = FE4009951C4B6F0800EFC107 /* NSString+StdString.mm */; };
		FE4009981C4B700500EFC107 /* Zoning-Out-Info.plist in Resources */ = {isa = PBXBuildFile; fileRef = FE4009971C4B700500EFC107 /* Zoning-Out-Info.plist */; };
		FE40099A1C4B86BD00EFC107 /* walrus splash.jpeg in Resources */ = {isa = PBXBuildFile; fileRef = FE4009991C4B86BD00EFC107 /* walrus splash.jpeg */; };
		FE4009DF1C4B88A100EFC107 /* Assets.xcassets in Resources */ = {isa = PBXBuildFile; fileRef = FE4009DE1C4B88A100EFC107 /* Assets.xcassets */; };
		FE4009E11C4B88AE00EFC107 /* LaunchScreen.storyboard in Resources */ = {isa = PBXBuildFile; fileRef = FE4009E01C4B88AE00EFC107 /* LaunchScreen.storyboard */; };
		FE4009E31C4B9A4500EFC107 /* AudioToolbox.framework in Frameworks */ = {isa = PBXBuildFile; fileRef = FE4009E21C4B9A4500EFC107 /* AudioToolbox.framework */; };
		FE4009E51C4BE27D00EFC107 /* logo.png in Resources */ = {isa = PBXBuildFile; fileRef = FE4009E41C4BE27D00EFC107 /* logo.png */; };
		FE4009E71C4BE59C00EFC107 /* logo2.png in Resources */ = {isa = PBXBuildFile; fileRef = FE4009E61C4BE59C00EFC107 /* logo2.png */; };
/* End PBXBuildFile section */

/* Begin PBXFileReference section */
		8A4388681595BC4F00027D3C /* UIKit.framework */ = {isa = PBXFileReference; lastKnownFileType = wrapper.framework; name = UIKit.framework; path = System/Library/Frameworks/UIKit.framework; sourceTree = SDKROOT; };
		8A43886A1595BC4F00027D3C /* Foundation.framework */ = {isa = PBXFileReference; lastKnownFileType = wrapper.framework; name = Foundation.framework; path = System/Library/Frameworks/Foundation.framework; sourceTree = SDKROOT; };
		8A43886C1595BC4F00027D3C /* CoreGraphics.framework */ = {isa = PBXFileReference; lastKnownFileType = wrapper.framework; name = CoreGraphics.framework; path = System/Library/Frameworks/CoreGraphics.framework; sourceTree = SDKROOT; };
		8A4388981595DE5800027D3C /* Zoning-Out.app */ = {isa = PBXFileReference; explicitFileType = wrapper.application; includeInIndex = 0; path = "Zoning-Out.app"; sourceTree = BUILT_PRODUCTS_DIR; };
		8A4388A61595DE5800027D3C /* AppDelegate.h */ = {isa = PBXFileReference; lastKnownFileType = sourcecode.c.h; path = AppDelegate.h; sourceTree = "<group>"; };
		8A4388A71595DE5800027D3C /* AppDelegate.mm */ = {isa = PBXFileReference; lastKnownFileType = sourcecode.cpp.objcpp; path = AppDelegate.mm; sourceTree = "<group>"; };
		8A4388AA1595DE5800027D3C /* en */ = {isa = PBXFileReference; lastKnownFileType = file.storyboard; name = en; path = en.lproj/MainStoryboard_iPhone.storyboard; sourceTree = "<group>"; };
		8A4388AD1595DE5800027D3C /* en */ = {isa = PBXFileReference; lastKnownFileType = file.storyboard; name = en; path = en.lproj/MainStoryboard_iPad.storyboard; sourceTree = "<group>"; };
		8A4388AF1595DE5800027D3C /* MasterViewController.h */ = {isa = PBXFileReference; lastKnownFileType = sourcecode.c.h; path = MasterViewController.h; sourceTree = "<group>"; };
		8A4388B01595DE5800027D3C /* MasterViewController.mm */ = {isa = PBXFileReference; lastKnownFileType = sourcecode.cpp.objcpp; path = MasterViewController.mm; sourceTree = "<group>"; };
		8A4388F01597C49B00027D3C /* README.md */ = {isa = PBXFileReference; lastKnownFileType = text; path = README.md; sourceTree = "<group>"; };
		8A723FC71599B6EE008C72DB /* AVFoundation.framework */ = {isa = PBXFileReference; lastKnownFileType = wrapper.framework; name = AVFoundation.framework; path = System/Library/Frameworks/AVFoundation.framework; sourceTree = SDKROOT; };
		8A723FC91599B6F2008C72DB /* GLKit.framework */ = {isa = PBXFileReference; lastKnownFileType = wrapper.framework; name = GLKit.framework; path = System/Library/Frameworks/GLKit.framework; sourceTree = SDKROOT; };
		8A723FCA1599B6F2008C72DB /* OpenGLES.framework */ = {isa = PBXFileReference; lastKnownFileType = wrapper.framework; name = OpenGLES.framework; path = System/Library/Frameworks/OpenGLES.framework; sourceTree = SDKROOT; };
		8A723FCD1599B6FC008C72DB /* CoreImage.framework */ = {isa = PBXFileReference; lastKnownFileType = wrapper.framework; name = CoreImage.framework; path = System/Library/Frameworks/CoreImage.framework; sourceTree = SDKROOT; };
		8A723FCE1599B6FC008C72DB /* CoreMedia.framework */ = {isa = PBXFileReference; lastKnownFileType = wrapper.framework; name = CoreMedia.framework; path = System/Library/Frameworks/CoreMedia.framework; sourceTree = SDKROOT; };
		8A723FD11599B700008C72DB /* QuartzCore.framework */ = {isa = PBXFileReference; lastKnownFileType = wrapper.framework; name = QuartzCore.framework; path = System/Library/Frameworks/QuartzCore.framework; sourceTree = SDKROOT; };
		8A723FD31599B70B008C72DB /* CoreVideo.framework */ = {isa = PBXFileReference; lastKnownFileType = wrapper.framework; name = CoreVideo.framework; path = System/Library/Frameworks/CoreVideo.framework; sourceTree = SDKROOT; };
		8AB6D04415B9969C0029641C /* Twitter.framework */ = {isa = PBXFileReference; lastKnownFileType = wrapper.framework; name = Twitter.framework; path = System/Library/Frameworks/Twitter.framework; sourceTree = SDKROOT; };
		8AD96330165B90BC00772BCD /* opencv2.framework */ = {isa = PBXFileReference; lastKnownFileType = wrapper.framework; path = opencv2.framework; sourceTree = "<group>"; };
		8AE69C0215A3A40000DAA115 /* AssetsLibrary.framework */ = {isa = PBXFileReference; lastKnownFileType = wrapper.framework; name = AssetsLibrary.framework; path = System/Library/Frameworks/AssetsLibrary.framework; sourceTree = SDKROOT; };
		FE4009731C4B2A0300EFC107 /* haarcascade_eye_tree_eyeglasses.xml */ = {isa = PBXFileReference; fileEncoding = 4; lastKnownFileType = text.xml; path = haarcascade_eye_tree_eyeglasses.xml; sourceTree = "<group>"; };
		FE4009741C4B2A0300EFC107 /* haarcascade_frontalface_alt.xml */ = {isa = PBXFileReference; fileEncoding = 4; lastKnownFileType = text.xml; path = haarcascade_frontalface_alt.xml; sourceTree = "<group>"; };
		FE4009771C4B2C5C00EFC107 /* constants.h */ = {isa = PBXFileReference; fileEncoding = 4; lastKnownFileType = sourcecode.c.h; path = constants.h; sourceTree = "<group>"; };
		FE4009781C4B2C5C00EFC107 /* findEyeCenter.cpp */ = {isa = PBXFileReference; fileEncoding = 4; lastKnownFileType = sourcecode.cpp.cpp; path = findEyeCenter.cpp; sourceTree = "<group>"; };
		FE4009791C4B2C5C00EFC107 /* findEyeCenter.h */ = {isa = PBXFileReference; fileEncoding = 4; lastKnownFileType = sourcecode.c.h; path = findEyeCenter.h; sourceTree = "<group>"; };
		FE40097A1C4B2C5C00EFC107 /* findEyeCorner.cpp */ = {isa = PBXFileReference; fileEncoding = 4; lastKnownFileType = sourcecode.cpp.cpp; path = findEyeCorner.cpp; sourceTree = "<group>"; };
		FE40097B1C4B2C5C00EFC107 /* findEyeCorner.h */ = {isa = PBXFileReference; fileEncoding = 4; lastKnownFileType = sourcecode.c.h; path = findEyeCorner.h; sourceTree = "<group>"; };
		FE40097C1C4B2C5C00EFC107 /* helpers.cpp */ = {isa = PBXFileReference; fileEncoding = 4; lastKnownFileType = sourcecode.cpp.cpp; path = helpers.cpp; sourceTree = "<group>"; };
		FE40097D1C4B2C5C00EFC107 /* helpers.h */ = {isa = PBXFileReference; fileEncoding = 4; lastKnownFileType = sourcecode.c.h; path = helpers.h; sourceTree = "<group>"; };
		FE4009851C4B6E0000EFC107 /* main.mm */ = {isa = PBXFileReference; fileEncoding = 4; lastKnownFileType = sourcecode.cpp.objcpp; path = main.mm; sourceTree = "<group>"; };
		FE4009881C4B6ED600EFC107 /* Zoning-Out-Prefix.pch */ = {isa = PBXFileReference; fileEncoding = 4; lastKnownFileType = sourcecode.c.h; path = "Zoning-Out-Prefix.pch"; sourceTree = "<group>"; };
		FE40098B1C4B6EEB00EFC107 /* UIImage2OpenCV.h */ = {isa = PBXFileReference; fileEncoding = 4; lastKnownFileType = sourcecode.c.h; path = UIImage2OpenCV.h; sourceTree = "<group>"; };
		FE40098C1C4B6EEB00EFC107 /* UIImage2OpenCV.mm */ = {isa = PBXFileReference; fileEncoding = 4; lastKnownFileType = sourcecode.cpp.objcpp; path = UIImage2OpenCV.mm; sourceTree = "<group>"; };
		FE40098E1C4B6EF100EFC107 /* en */ = {isa = PBXFileReference; lastKnownFileType = text.plist.strings; name = en; path = en.lproj/InfoPlist.strings; sourceTree = "<group>"; };
		FE4009911C4B6EFD00EFC107 /* FPSCalculator.h */ = {isa = PBXFileReference; fileEncoding = 4; lastKnownFileType = sourcecode.c.h; path = FPSCalculator.h; sourceTree = "<group>"; };
		FE4009921C4B6EFD00EFC107 /* FPSCalculator.mm */ = {isa = PBXFileReference; fileEncoding = 4; lastKnownFileType = sourcecode.cpp.objcpp; path = FPSCalculator.mm; sourceTree = "<group>"; };
		FE4009941C4B6F0800EFC107 /* NSString+StdString.h */ = {isa = PBXFileReference; fileEncoding = 4; lastKnownFileType = sourcecode.c.h; path = "NSString+StdString.h"; sourceTree = "<group>"; };
		FE4009951C4B6F0800EFC107 /* NSString+StdString.mm */ = {isa = PBXFileReference; fileEncoding = 4; lastKnownFileType = sourcecode.cpp.objcpp; path = "NSString+StdString.mm"; sourceTree = "<group>"; };
		FE4009971C4B700500EFC107 /* Zoning-Out-Info.plist */ = {isa = PBXFileReference; fileEncoding = 4; lastKnownFileType = text.plist.xml; path = "Zoning-Out-Info.plist"; sourceTree = "<group>"; };
		FE4009991C4B86BD00EFC107 /* walrus splash.jpeg */ = {isa = PBXFileReference; lastKnownFileType = image.jpeg; path = "walrus splash.jpeg"; sourceTree = "<group>"; };
		FE4009DE1C4B88A100EFC107 /* Assets.xcassets */ = {isa = PBXFileReference; lastKnownFileType = folder.assetcatalog; path = Assets.xcassets; sourceTree = "<group>"; };
		FE4009E01C4B88AE00EFC107 /* LaunchScreen.storyboard */ = {isa = PBXFileReference; fileEncoding = 4; lastKnownFileType = file.storyboard; path = LaunchScreen.storyboard; sourceTree = "<group>"; };
		FE4009E21C4B9A4500EFC107 /* AudioToolbox.framework */ = {isa = PBXFileReference; lastKnownFileType = wrapper.framework; name = AudioToolbox.framework; path = System/Library/Frameworks/AudioToolbox.framework; sourceTree = SDKROOT; };
		FE4009E41C4BE27D00EFC107 /* logo.png */ = {isa = PBXFileReference; lastKnownFileType = image.png; path = logo.png; sourceTree = "<group>"; };
		FE4009E61C4BE59C00EFC107 /* logo2.png */ = {isa = PBXFileReference; lastKnownFileType = image.png; path = logo2.png; sourceTree = "<group>"; };
/* End PBXFileReference section */

/* Begin PBXFrameworksBuildPhase section */
		8A4388951595DE5800027D3C /* Frameworks */ = {
			isa = PBXFrameworksBuildPhase;
			buildActionMask = 2147483647;
			files = (
				FE4009E31C4B9A4500EFC107 /* AudioToolbox.framework in Frameworks */,
				8AD96331165B90BC00772BCD /* opencv2.framework in Frameworks */,
				8AB6D04515B9969D0029641C /* Twitter.framework in Frameworks */,
				8AE69C0315A3A40000DAA115 /* AssetsLibrary.framework in Frameworks */,
				8A723FD41599B70B008C72DB /* CoreVideo.framework in Frameworks */,
				8A723FD21599B700008C72DB /* QuartzCore.framework in Frameworks */,
				8A723FCF1599B6FC008C72DB /* CoreImage.framework in Frameworks */,
				8A723FD01599B6FC008C72DB /* CoreMedia.framework in Frameworks */,
				8A43889C1595DE5800027D3C /* CoreGraphics.framework in Frameworks */,
				8A723FCB1599B6F2008C72DB /* GLKit.framework in Frameworks */,
				8A723FCC1599B6F2008C72DB /* OpenGLES.framework in Frameworks */,
				8A723FC81599B6EE008C72DB /* AVFoundation.framework in Frameworks */,
				8A43889A1595DE5800027D3C /* UIKit.framework in Frameworks */,
				8A43889B1595DE5800027D3C /* Foundation.framework in Frameworks */,
			);
			runOnlyForDeploymentPostprocessing = 0;
		};
/* End PBXFrameworksBuildPhase section */

/* Begin PBXGroup section */
		8A4388591595BC4E00027D3C = {
			isa = PBXGroup;
			children = (
				8A4388671595BC4F00027D3C /* Frameworks */,
				8A43886E1595BC4F00027D3C /* Zoning-Out */,
				8A4388651595BC4F00027D3C /* Products */,
				8A4388F01597C49B00027D3C /* README.md */,
			);
			sourceTree = "<group>";
		};
		8A4388651595BC4F00027D3C /* Products */ = {
			isa = PBXGroup;
			children = (
				8A4388981595DE5800027D3C /* Zoning-Out.app */,
			);
			name = Products;
			sourceTree = "<group>";
		};
		8A4388671595BC4F00027D3C /* Frameworks */ = {
			isa = PBXGroup;
			children = (
				FE4009E21C4B9A4500EFC107 /* AudioToolbox.framework */,
				8AE69C0215A3A40000DAA115 /* AssetsLibrary.framework */,
				8A723FC71599B6EE008C72DB /* AVFoundation.framework */,
				8A43886C1595BC4F00027D3C /* CoreGraphics.framework */,
				8A723FCD1599B6FC008C72DB /* CoreImage.framework */,
				8A723FCE1599B6FC008C72DB /* CoreMedia.framework */,
				8A723FD31599B70B008C72DB /* CoreVideo.framework */,
				8A43886A1595BC4F00027D3C /* Foundation.framework */,
				8A723FC91599B6F2008C72DB /* GLKit.framework */,
				8AD96330165B90BC00772BCD /* opencv2.framework */,
				8A723FCA1599B6F2008C72DB /* OpenGLES.framework */,
				8A723FD11599B700008C72DB /* QuartzCore.framework */,
				8AB6D04415B9969C0029641C /* Twitter.framework */,
				8A4388681595BC4F00027D3C /* UIKit.framework */,
			);
			name = Frameworks;
			sourceTree = "<group>";
		};
		8A43886E1595BC4F00027D3C /* Zoning-Out */ = {
			isa = PBXGroup;
			children = (
				FE4009731C4B2A0300EFC107 /* haarcascade_eye_tree_eyeglasses.xml */,
				FE4009741C4B2A0300EFC107 /* haarcascade_frontalface_alt.xml */,
				FE4009771C4B2C5C00EFC107 /* constants.h */,
				FE4009781C4B2C5C00EFC107 /* findEyeCenter.cpp */,
				FE4009791C4B2C5C00EFC107 /* findEyeCenter.h */,
				FE40097A1C4B2C5C00EFC107 /* findEyeCorner.cpp */,
				FE40097B1C4B2C5C00EFC107 /* findEyeCorner.h */,
				FE40097C1C4B2C5C00EFC107 /* helpers.cpp */,
				FE40097D1C4B2C5C00EFC107 /* helpers.h */,
				8A723FD81599B751008C72DB /* Storyboards */,
				8A43886F1595BC4F00027D3C /* Supporting Files */,
				8AA7F84E15A462250052C95A /* View Controllers */,
			);
			name = "Zoning-Out";
			path = "OpenCV Tutorial";
			sourceTree = "<group>";
		};
		8A43886F1595BC4F00027D3C /* Supporting Files */ = {
			isa = PBXGroup;
			children = (
				FE4009DE1C4B88A100EFC107 /* Assets.xcassets */,
				FE4009E61C4BE59C00EFC107 /* logo2.png */,
				FE4009E41C4BE27D00EFC107 /* logo.png */,
				FE4009991C4B86BD00EFC107 /* walrus splash.jpeg */,
				FE4009851C4B6E0000EFC107 /* main.mm */,
				FE40098F1C4B6EF100EFC107 /* InfoPlist.strings */,
				FE4009941C4B6F0800EFC107 /* NSString+StdString.h */,
				FE4009951C4B6F0800EFC107 /* NSString+StdString.mm */,
				FE4009911C4B6EFD00EFC107 /* FPSCalculator.h */,
				FE4009921C4B6EFD00EFC107 /* FPSCalculator.mm */,
				FE4009881C4B6ED600EFC107 /* Zoning-Out-Prefix.pch */,
				FE4009971C4B700500EFC107 /* Zoning-Out-Info.plist */,
				FE40098B1C4B6EEB00EFC107 /* UIImage2OpenCV.h */,
				FE40098C1C4B6EEB00EFC107 /* UIImage2OpenCV.mm */,
				8A4388A61595DE5800027D3C /* AppDelegate.h */,
				8A4388A71595DE5800027D3C /* AppDelegate.mm */,
			);
			name = "Supporting Files";
			sourceTree = "<group>";
		};
		8A723FD81599B751008C72DB /* Storyboards */ = {
			isa = PBXGroup;
			children = (
				FE4009E01C4B88AE00EFC107 /* LaunchScreen.storyboard */,
				8A4388AC1595DE5800027D3C /* MainStoryboard_iPad.storyboard */,
				8A4388A91595DE5800027D3C /* MainStoryboard_iPhone.storyboard */,
			);
			name = Storyboards;
			sourceTree = "<group>";
		};
		8AA7F84E15A462250052C95A /* View Controllers */ = {
			isa = PBXGroup;
			children = (
				8A4388AF1595DE5800027D3C /* MasterViewController.h */,
				8A4388B01595DE5800027D3C /* MasterViewController.mm */,
			);
			name = "View Controllers";
			sourceTree = "<group>";
		};
/* End PBXGroup section */

/* Begin PBXNativeTarget section */
		8A4388971595DE5800027D3C /* Zoning-Out */ = {
			isa = PBXNativeTarget;
			buildConfigurationList = 8A4388B51595DE5800027D3C /* Build configuration list for PBXNativeTarget "Zoning-Out" */;
			buildPhases = (
				8A4388941595DE5800027D3C /* Sources */,
				8A4388951595DE5800027D3C /* Frameworks */,
				8A4388961595DE5800027D3C /* Resources */,
			);
			buildRules = (
			);
			dependencies = (
			);
			name = "Zoning-Out";
			productName = "OpenCV Tutorial";
			productReference = 8A4388981595DE5800027D3C /* Zoning-Out.app */;
			productType = "com.apple.product-type.application";
		};
/* End PBXNativeTarget section */

/* Begin PBXProject section */
		8A43885B1595BC4E00027D3C /* Project object */ = {
			isa = PBXProject;
			attributes = {
				LastUpgradeCheck = 0700;
				TargetAttributes = {
					8A4388971595DE5800027D3C = {
						DevelopmentTeam = VW7N9VFZ6W;
					};
				};
			};
			buildConfigurationList = 8A43885E1595BC4E00027D3C /* Build configuration list for PBXProject "Zoning-Out" */;
			compatibilityVersion = "Xcode 3.2";
			developmentRegion = English;
			hasScannedForEncodings = 0;
			knownRegions = (
				en,
			);
			mainGroup = 8A4388591595BC4E00027D3C;
			productRefGroup = 8A4388651595BC4F00027D3C /* Products */;
			projectDirPath = "";
			projectRoot = "";
			targets = (
				8A4388971595DE5800027D3C /* Zoning-Out */,
			);
		};
/* End PBXProject section */

/* Begin PBXResourcesBuildPhase section */
		8A4388961595DE5800027D3C /* Resources */ = {
			isa = PBXResourcesBuildPhase;
			buildActionMask = 2147483647;
			files = (
				FE4009E11C4B88AE00EFC107 /* LaunchScreen.storyboard in Resources */,
				FE4009981C4B700500EFC107 /* Zoning-Out-Info.plist in Resources */,
				8A4388AB1595DE5800027D3C /* MainStoryboard_iPhone.storyboard in Resources */,
				FE4009901C4B6EF100EFC107 /* InfoPlist.strings in Resources */,
				8A4388AE1595DE5800027D3C /* MainStoryboard_iPad.storyboard in Resources */,
				FE4009761C4B2A0300EFC107 /* haarcascade_frontalface_alt.xml in Resources */,
				FE4009E51C4BE27D00EFC107 /* logo.png in Resources */,
				FE4009751C4B2A0300EFC107 /* haarcascade_eye_tree_eyeglasses.xml in Resources */,
				FE4009E71C4BE59C00EFC107 /* logo2.png in Resources */,
				FE4009DF1C4B88A100EFC107 /* Assets.xcassets in Resources */,
				FE40099A1C4B86BD00EFC107 /* walrus splash.jpeg in Resources */,
			);
			runOnlyForDeploymentPostprocessing = 0;
		};
/* End PBXResourcesBuildPhase section */

/* Begin PBXSourcesBuildPhase section */
		8A4388941595DE5800027D3C /* Sources */ = {
			isa = PBXSourcesBuildPhase;
			buildActionMask = 2147483647;
			files = (
				8A4388A81595DE5800027D3C /* AppDelegate.mm in Sources */,
				FE4009961C4B6F0800EFC107 /* NSString+StdString.mm in Sources */,
				8A4388B11595DE5800027D3C /* MasterViewController.mm in Sources */,
				FE40097E1C4B2C5C00EFC107 /* findEyeCenter.cpp in Sources */,
				FE4009931C4B6EFD00EFC107 /* FPSCalculator.mm in Sources */,
				FE4009801C4B2C5C00EFC107 /* helpers.cpp in Sources */,
				FE4009871C4B6E0000EFC107 /* main.mm in Sources */,
				FE40097F1C4B2C5C00EFC107 /* findEyeCorner.cpp in Sources */,
				FE40098D1C4B6EEB00EFC107 /* UIImage2OpenCV.mm in Sources */,
			);
			runOnlyForDeploymentPostprocessing = 0;
		};
/* End PBXSourcesBuildPhase section */

/* Begin PBXVariantGroup section */
		8A4388A91595DE5800027D3C /* MainStoryboard_iPhone.storyboard */ = {
			isa = PBXVariantGroup;
			children = (
				8A4388AA1595DE5800027D3C /* en */,
			);
			name = MainStoryboard_iPhone.storyboard;
			sourceTree = "<group>";
		};
		8A4388AC1595DE5800027D3C /* MainStoryboard_iPad.storyboard */ = {
			isa = PBXVariantGroup;
			children = (
				8A4388AD1595DE5800027D3C /* en */,
			);
			name = MainStoryboard_iPad.storyboard;
			sourceTree = "<group>";
		};
		FE40098F1C4B6EF100EFC107 /* InfoPlist.strings */ = {
			isa = PBXVariantGroup;
			children = (
				FE40098E1C4B6EF100EFC107 /* en */,
			);
			name = InfoPlist.strings;
			path = "../../../Downloads/OpenCV-Tutorial-master 2/OpenCV Tutorial";
			sourceTree = "<group>";
		};
/* End PBXVariantGroup section */

/* Begin XCBuildConfiguration section */
		8A4388831595BC4F00027D3C /* Debug */ = {
			isa = XCBuildConfiguration;
			buildSettings = {
				ALWAYS_SEARCH_USER_PATHS = YES;
				CLANG_ENABLE_OBJC_ARC = YES;
				CLANG_WARN_BOOL_CONVERSION = YES;
				CLANG_WARN_CONSTANT_CONVERSION = YES;
				CLANG_WARN_EMPTY_BODY = YES;
				CLANG_WARN_ENUM_CONVERSION = YES;
				CLANG_WARN_INT_CONVERSION = YES;
				CLANG_WARN_UNREACHABLE_CODE = YES;
				CLANG_WARN__DUPLICATE_METHOD_MATCH = YES;
				CODE_SIGN_IDENTITY = "iPhone Developer";
				"CODE_SIGN_IDENTITY[sdk=iphoneos*]" = "iPhone Developer";
				ENABLE_BITCODE = NO;
				ENABLE_STRICT_OBJC_MSGSEND = YES;
				ENABLE_TESTABILITY = YES;
				FRAMEWORK_SEARCH_PATHS = (
					"$(inherited)",
					"\"$(SRCROOT)\"",
				);
				GCC_OPTIMIZATION_LEVEL = 0;
				GCC_PREFIX_HEADER = "";
				GCC_PREPROCESSOR_DEFINITIONS = (
					"DEBUG=1",
					"$(inherited)",
				);
				GCC_SYMBOLS_PRIVATE_EXTERN = NO;
				GCC_WARN_64_TO_32_BIT_CONVERSION = YES;
				GCC_WARN_ABOUT_RETURN_TYPE = YES;
				GCC_WARN_UNDECLARED_SELECTOR = YES;
				GCC_WARN_UNINITIALIZED_AUTOS = YES;
				GCC_WARN_UNUSED_FUNCTION = YES;
				GCC_WARN_UNUSED_VARIABLE = YES;
				HEADER_SEARCH_PATHS = "";
				IPHONEOS_DEPLOYMENT_TARGET = 7.1;
				LIBRARY_SEARCH_PATHS = "";
				ONLY_ACTIVE_ARCH = YES;
				OTHER_CFLAGS = "";
				OTHER_CPLUSPLUSFLAGS = "-DNS_BLOCK_ASSERTIONS=1";
				OTHER_LDFLAGS = "";
				PROVISIONING_PROFILE = "";
				SDKROOT = iphoneos;
				TARGETED_DEVICE_FAMILY = "1,2";
				USER_HEADER_SEARCH_PATHS = "";
			};
			name = Debug;
		};
		8A4388841595BC4F00027D3C /* Release */ = {
			isa = XCBuildConfiguration;
			buildSettings = {
				ALWAYS_SEARCH_USER_PATHS = YES;
				CLANG_ENABLE_OBJC_ARC = YES;
				CLANG_WARN_BOOL_CONVERSION = YES;
				CLANG_WARN_CONSTANT_CONVERSION = YES;
				CLANG_WARN_EMPTY_BODY = YES;
				CLANG_WARN_ENUM_CONVERSION = YES;
				CLANG_WARN_INT_CONVERSION = YES;
				CLANG_WARN_UNREACHABLE_CODE = YES;
				CLANG_WARN__DUPLICATE_METHOD_MATCH = YES;
				CODE_SIGN_IDENTITY = "iPhone Developer";
				"CODE_SIGN_IDENTITY[sdk=iphoneos*]" = "iPhone Developer";
				ENABLE_BITCODE = NO;
				ENABLE_STRICT_OBJC_MSGSEND = YES;
				FRAMEWORK_SEARCH_PATHS = (
					"$(inherited)",
					"\"$(SRCROOT)\"",
				);
				GCC_PREFIX_HEADER = "";
				GCC_WARN_64_TO_32_BIT_CONVERSION = YES;
				GCC_WARN_ABOUT_RETURN_TYPE = YES;
				GCC_WARN_UNDECLARED_SELECTOR = YES;
				GCC_WARN_UNINITIALIZED_AUTOS = YES;
				GCC_WARN_UNUSED_FUNCTION = YES;
				GCC_WARN_UNUSED_VARIABLE = YES;
				HEADER_SEARCH_PATHS = "";
				IPHONEOS_DEPLOYMENT_TARGET = 7.1;
				OTHER_CFLAGS = "";
				OTHER_CPLUSPLUSFLAGS = "-DNS_BLOCK_ASSERTIONS=1";
				OTHER_LDFLAGS = "";
				PROVISIONING_PROFILE = "";
				SDKROOT = iphoneos;
				TARGETED_DEVICE_FAMILY = "1,2";
				USER_HEADER_SEARCH_PATHS = "";
				VALIDATE_PRODUCT = YES;
			};
			name = Release;
		};
		8A4388B61595DE5800027D3C /* Debug */ = {
			isa = XCBuildConfiguration;
			buildSettings = {
				ALWAYS_SEARCH_USER_PATHS = YES;
				CLANG_CXX_LIBRARY = "libc++";
				CODE_SIGN_IDENTITY = "iPhone Developer";
				"CODE_SIGN_IDENTITY[sdk=iphoneos*]" = "iPhone Developer";
				ENABLE_BITCODE = NO;
				FRAMEWORK_SEARCH_PATHS = (
					"$(inherited)",
					"\"$(SRCROOT)\"",
				);
				GCC_C_LANGUAGE_STANDARD = "compiler-default";
				GCC_PRECOMPILE_PREFIX_HEADER = YES;
				GCC_PREFIX_HEADER = "OpenCV Tutorial/Zoning-Out-Prefix.pch";
				HEADER_SEARCH_PATHS = "";
				INFOPLIST_FILE = "OpenCV Tutorial/Zoning-Out-Info.plist";
				IPHONEOS_DEPLOYMENT_TARGET = 9.2;
				LIBRARY_SEARCH_PATHS = "";
				OTHER_LDFLAGS = "";
				PRODUCT_BUNDLE_IDENTIFIER = "stevieallen.Zoning-Out";
				PRODUCT_NAME = "Zoning-Out";
				PROVISIONING_PROFILE = "";
				WARNING_LDFLAGS = "";
				WRAPPER_EXTENSION = app;
			};
			name = Debug;
		};
		8A4388B71595DE5800027D3C /* Release */ = {
			isa = XCBuildConfiguration;
			buildSettings = {
				ALWAYS_SEARCH_USER_PATHS = YES;
				CLANG_CXX_LIBRARY = "libc++";
				CODE_SIGN_IDENTITY = "iPhone Developer";
				"CODE_SIGN_IDENTITY[sdk=iphoneos*]" = "iPhone Developer";
				ENABLE_BITCODE = NO;
				FRAMEWORK_SEARCH_PATHS = (
					"$(inherited)",
					"\"$(SRCROOT)\"",
				);
				GCC_C_LANGUAGE_STANDARD = "compiler-default";
				GCC_PRECOMPILE_PREFIX_HEADER = YES;
				GCC_PREFIX_HEADER = "OpenCV Tutorial/Zoning-Out-Prefix.pch";
				HEADER_SEARCH_PATHS = "";
				INFOPLIST_FILE = "OpenCV Tutorial/Zoning-Out-Info.plist";
				IPHONEOS_DEPLOYMENT_TARGET = 9.2;
				LIBRARY_SEARCH_PATHS = "";
				OTHER_LDFLAGS = "";
				PRODUCT_BUNDLE_IDENTIFIER = "stevieallen.Zoning-Out";
				PRODUCT_NAME = "Zoning-Out";
				PROVISIONING_PROFILE = "";
				WARNING_LDFLAGS = "";
				WRAPPER_EXTENSION = app;
			};
			name = Release;
		};
/* End XCBuildConfiguration section */

/* Begin XCConfigurationList section */
		8A43885E1595BC4E00027D3C /* Build configuration list for PBXProject "Zoning-Out" */ = {
			isa = XCConfigurationList;
			buildConfigurations = (
				8A4388831595BC4F00027D3C /* Debug */,
				8A4388841595BC4F00027D3C /* Release */,
			);
			defaultConfigurationIsVisible = 0;
			defaultConfigurationName = Release;
		};
		8A4388B51595DE5800027D3C /* Build configuration list for PBXNativeTarget "Zoning-Out" */ = {
			isa = XCConfigurationList;
			buildConfigurations = (
				8A4388B61595DE5800027D3C /* Debug */,
				8A4388B71595DE5800027D3C /* Release */,
			);
			defaultConfigurationIsVisible = 0;
			defaultConfigurationName = Release;
		};
/* End XCConfigurationList section */
	};
	rootObject = 8A43885B1595BC4E00027D3C /* Project object */;
}
